
Microsoft Visual Studio Solution File, Format Version 12.00
# Visual Studio 15
VisualStudioVersion = 15.0.28307.779
MinimumVisualStudioVersion = 10.0.40219.1
Project("{FAE04EC0-301F-11D3-BF4B-00C04F79EFBC}") = "Steganography", "Steganography\Steganography.csproj", "{CE8628D5-AF2A-413C-BFD6-8579B35A9589}"
EndProject
Global
	GlobalSection(SolutionConfigurationPlatforms) = preSolution
		Debug|Any CPU = Debug|Any CPU
		Release|Any CPU = Release|Any CPU
	EndGlobalSection
	GlobalSection(ProjectConfigurationPlatforms) = postSolution
		{CE8628D5-AF2A-413C-BFD6-8579B35A9589}.Debug|Any CPU.ActiveCfg = Debug|Any CPU
		{CE8628D5-AF2A-413C-BFD6-8579B35A9589}.Debug|Any CPU.Build.0 = Debug|Any CPU
		{CE8628D5-AF2A-413C-BFD6-8579B35A9589}.Release|Any CPU.ActiveCfg = Release|Any CPU
		{CE8628D5-AF2A-413C-BFD6-8579B35A9589}.Release|Any CPU.Build.0 = Release|Any CPU
	EndGlobalSection
	GlobalSection(SolutionProperties) = preSolution
		HideSolutionNode = FALSE
	EndGlobalSection
	GlobalSection(ExtensibilityGlobals) = postSolution
		SolutionGuid = {21C46C0D-0FF7-413C-94DE-AC87938EB0E6}
	EndGlobalSection
EndGlobal
